
Microsoft Visual Studio Solution File, Format Version 12.00
# Visual Studio Version 17
VisualStudioVersion = 17.0.31903.59
MinimumVisualStudioVersion = 10.0.40219.1
Project("{2150E333-8FDC-42A3-9474-1A3956D46DE8}") = "src", "src", "{5E38D4FE-C26B-4CC0-96D6-6F976A329CDA}"
EndProject
Project("{FAE04EC0-301F-11D3-BF4B-00C04F79EFBC}") = "Track", "src\Track\Track.csproj", "{4AD6B3CF-9D55-44B4-8017-DA4F1E33EC93}"
EndProject
Global
	GlobalSection(SolutionConfigurationPlatforms) = preSolution
		Debug|Any CPU = Debug|Any CPU
		Release|Any CPU = Release|Any CPU
	EndGlobalSection
	GlobalSection(SolutionProperties) = preSolution
		HideSolutionNode = FALSE
	EndGlobalSection
	GlobalSection(ProjectConfigurationPlatforms) = postSolution
		{4AD6B3CF-9D55-44B4-8017-DA4F1E33EC93}.Debug|Any CPU.ActiveCfg = Debug|Any CPU
		{4AD6B3CF-9D55-44B4-8017-DA4F1E33EC93}.Debug|Any CPU.Build.0 = Debug|Any CPU
		{4AD6B3CF-9D55-44B4-8017-DA4F1E33EC93}.Release|Any CPU.ActiveCfg = Release|Any CPU
		{4AD6B3CF-9D55-44B4-8017-DA4F1E33EC93}.Release|Any CPU.Build.0 = Release|Any CPU
	EndGlobalSection
	GlobalSection(NestedProjects) = preSolution
		{4AD6B3CF-9D55-44B4-8017-DA4F1E33EC93} = {5E38D4FE-C26B-4CC0-96D6-6F976A329CDA}
	EndGlobalSection
EndGlobal
